
Microsoft Visual Studio Solution File, Format Version 12.00
# Visual Studio Version 16
VisualStudioVersion = 25.0.1705.3
MinimumVisualStudioVersion = 10.0.40219.1
Project("{FAE04EC0-301F-11D3-BF4B-00C04F79EFBC}") = "BlazorMatchGame", "BlazorMatchGame\BlazorMatchGame.csproj", "{267F3A45-11CA-4782-9678-0E7F19A72946}"
EndProject
Global
	GlobalSection(SolutionConfigurationPlatforms) = preSolution
		Debug|Any CPU = Debug|Any CPU
		Release|Any CPU = Release|Any CPU
	EndGlobalSection
	GlobalSection(ProjectConfigurationPlatforms) = postSolution
		{267F3A45-11CA-4782-9678-0E7F19A72946}.Debug|Any CPU.ActiveCfg = Debug|Any CPU
		{267F3A45-11CA-4782-9678-0E7F19A72946}.Debug|Any CPU.Build.0 = Debug|Any CPU
		{267F3A45-11CA-4782-9678-0E7F19A72946}.Release|Any CPU.ActiveCfg = Release|Any CPU
		{267F3A45-11CA-4782-9678-0E7F19A72946}.Release|Any CPU.Build.0 = Release|Any CPU
	EndGlobalSection
	GlobalSection(SolutionProperties) = preSolution
		HideSolutionNode = FALSE
	EndGlobalSection
	GlobalSection(ExtensibilityGlobals) = postSolution
		SolutionGuid = {292C9A49-D263-4865-B5D4-95A2DDA0AAAF}
	EndGlobalSection
EndGlobal
